{
  "generator": "scripts/build-coverage-map.js",
  "guardCount": 381,
  "bySource": {
    ".github/workflows/promote.yml": [
      {
        "tag": "slice-316-ac-1",
        "file": "regression/gate-merge/j-gate-fail-retry.test.js"
      },
      {
        "tag": "slice-316-ac-1",
        "file": "regression/gate-merge/j-merge-button-pass.test.js"
      },
      {
        "tag": "slice-316-ac-10",
        "file": "regression/gate-merge/j-merge-button-pass.test.js"
      },
      {
        "tag": "slice-316-ac-11",
        "file": "regression/gate-merge/j-merge-button-pass.test.js"
      },
      {
        "tag": "slice-316-ac-12",
        "file": "regression/gate-merge/j-merge-button-pass.test.js"
      },
      {
        "tag": "slice-316-ac-2",
        "file": "regression/gate-merge/j-gate-fail-retry.test.js"
      },
      {
        "tag": "slice-316-ac-2",
        "file": "regression/gate-merge/j-merge-button-pass.test.js"
      },
      {
        "tag": "slice-316-ac-3",
        "file": "regression/gate-merge/j-gate-fail-retry.test.js"
      },
      {
        "tag": "slice-316-ac-3",
        "file": "regression/gate-merge/j-merge-button-pass.test.js"
      },
      {
        "tag": "slice-316-ac-4",
        "file": "regression/gate-merge/j-gate-fail-retry.test.js"
      },
      {
        "tag": "slice-316-ac-4",
        "file": "regression/gate-merge/j-merge-button-pass.test.js"
      },
      {
        "tag": "slice-316-ac-5",
        "file": "regression/gate-merge/j-gate-fail-retry.test.js"
      },
      {
        "tag": "slice-316-ac-5",
        "file": "regression/gate-merge/j-merge-button-pass.test.js"
      },
      {
        "tag": "slice-316-ac-6",
        "file": "regression/gate-merge/j-gate-fail-retry.test.js"
      },
      {
        "tag": "slice-316-ac-6",
        "file": "regression/gate-merge/j-merge-button-pass.test.js"
      },
      {
        "tag": "slice-316-ac-7",
        "file": "regression/gate-merge/j-gate-fail-retry.test.js"
      },
      {
        "tag": "slice-316-ac-7",
        "file": "regression/gate-merge/j-merge-button-pass.test.js"
      },
      {
        "tag": "slice-316-ac-8",
        "file": "regression/gate-merge/j-gate-fail-retry.test.js"
      },
      {
        "tag": "slice-316-ac-8",
        "file": "regression/gate-merge/j-merge-button-pass.test.js"
      },
      {
        "tag": "slice-316-ac-9",
        "file": "regression/gate-merge/j-gate-fail-retry.test.js"
      },
      {
        "tag": "slice-316-ac-9",
        "file": "regression/gate-merge/j-merge-button-pass.test.js"
      },
      {
        "tag": "slice-99808-ac-1",
        "file": "regression/direct-controls/j-direct-controls-regression-coverage.test.js"
      },
      {
        "tag": "slice-99808-ac-2",
        "file": "regression/direct-controls/j-direct-controls-regression-coverage.test.js"
      },
      {
        "tag": "slice-99808-ac-3",
        "file": "regression/direct-controls/j-direct-controls-regression-coverage.test.js"
      },
      {
        "tag": "slice-99808-ac-4",
        "file": "regression/direct-controls/j-direct-controls-regression-coverage.test.js"
      },
      {
        "tag": "slice-99809-ac-1",
        "file": "regression/direct-controls/j-direct-controls-regression-coverage.test.js"
      },
      {
        "tag": "slice-99809-ac-2",
        "file": "regression/direct-controls/j-direct-controls-regression-coverage.test.js"
      },
      {
        "tag": "slice-99810-ac-1",
        "file": "regression/direct-controls/j-direct-controls-regression-coverage.test.js"
      },
      {
        "tag": "slice-99810-ac-2",
        "file": "regression/direct-controls/j-direct-controls-regression-coverage.test.js"
      },
      {
        "tag": "slice-99811-ac-1",
        "file": "regression/direct-controls/j-direct-controls-regression-coverage.test.js"
      },
      {
        "tag": "slice-99811-ac-2",
        "file": "regression/direct-controls/j-direct-controls-regression-coverage.test.js"
      },
      {
        "tag": "slice-99812-ac-1",
        "file": "regression/direct-controls/j-direct-controls-regression-coverage.test.js"
      },
      {
        "tag": "slice-99812-ac-2",
        "file": "regression/direct-controls/j-direct-controls-regression-coverage.test.js"
      },
      {
        "tag": "slice-99829-ac-1",
        "file": "regression/gate-merge/j-ac-gate-wire.test.js"
      },
      {
        "tag": "slice-99829-ac-10",
        "file": "regression/gate-merge/j-ac-gate-wire.test.js"
      },
      {
        "tag": "slice-99829-ac-2",
        "file": "regression/gate-merge/j-ac-gate-wire.test.js"
      },
      {
        "tag": "slice-99829-ac-3",
        "file": "regression/gate-merge/j-ac-gate-wire.test.js"
      },
      {
        "tag": "slice-99829-ac-4",
        "file": "regression/gate-merge/j-ac-gate-wire.test.js"
      },
      {
        "tag": "slice-99829-ac-5",
        "file": "regression/gate-merge/j-ac-gate-wire.test.js"
      },
      {
        "tag": "slice-99829-ac-6",
        "file": "regression/gate-merge/j-ac-gate-wire.test.js"
      },
      {
        "tag": "slice-99829-ac-7",
        "file": "regression/gate-merge/j-ac-gate-wire.test.js"
      },
      {
        "tag": "slice-99829-ac-8",
        "file": "regression/gate-merge/j-ac-gate-wire.test.js"
      },
      {
        "tag": "slice-99829-ac-9",
        "file": "regression/gate-merge/j-ac-gate-wire.test.js"
      }
    ],
    "bridge/orchestrator.js": [
      {
        "tag": "slice-99777-ac-1",
        "file": "regression/observability/j-watch-slice-live-log.test.js"
      },
      {
        "tag": "slice-99777-ac-2",
        "file": "regression/observability/j-watch-slice-live-log.test.js"
      },
      {
        "tag": "slice-99777-ac-3",
        "file": "regression/observability/j-watch-slice-live-log.test.js"
      },
      {
        "tag": "slice-99777-ac-4",
        "file": "regression/observability/j-watch-slice-live-log.test.js"
      },
      {
        "tag": "slice-99777-ac-6",
        "file": "regression/observability/j-watch-slice-live-log.test.js"
      },
      {
        "tag": "slice-99777-ac-9",
        "file": "regression/observability/j-watch-slice-live-log.test.js"
      }
    ],
    "dashboard/lcars-dashboard.html": [
      {
        "tag": "slice-340-ac-1",
        "file": "regression/direct-controls/j-devops-station.test.js",
        "guardAcHash": "sha256:54145d8ac9e223dd388d5884524a07ebefcca5efdfb862b3319fe24713686ee8"
      },
      {
        "tag": "slice-340-ac-2",
        "file": "regression/direct-controls/j-devops-station.test.js",
        "guardAcHash": "sha256:adedf07750fbf6fd7a2b31c5b59d4a14fdf5b45250dd542b310b54674414c95c"
      },
      {
        "tag": "slice-340-ac-3",
        "file": "regression/direct-controls/j-devops-station.test.js",
        "guardAcHash": "sha256:198c9b94e2242fbe2d20475c472bac1081bc5a861b60b8264e3ec3e6109a799e"
      },
      {
        "tag": "slice-340-ac-4",
        "file": "regression/direct-controls/j-devops-station.test.js",
        "guardAcHash": "sha256:0ff6f9b8978b57f8af5e809fb2967b322efb19c56179f7bcbed736146f17c7a4"
      },
      {
        "tag": "slice-340-ac-5",
        "file": "regression/direct-controls/j-devops-station.test.js",
        "guardAcHash": "sha256:cfbb898656a6c5ebce52ee060be8363588171275979b6089106d21a82ca77b45"
      },
      {
        "tag": "slice-340-ac-6",
        "file": "regression/direct-controls/j-devops-station.test.js",
        "guardAcHash": "sha256:84c994374c163ed0b343600152a47ba7960bb36bebe31a40b1228e89a309562b"
      },
      {
        "tag": "slice-99777-ac-1",
        "file": "regression/observability/j-watch-slice-live-log.test.js"
      },
      {
        "tag": "slice-99777-ac-2",
        "file": "regression/observability/j-watch-slice-live-log.test.js"
      },
      {
        "tag": "slice-99777-ac-3",
        "file": "regression/observability/j-watch-slice-live-log.test.js"
      },
      {
        "tag": "slice-99777-ac-4",
        "file": "regression/observability/j-watch-slice-live-log.test.js"
      },
      {
        "tag": "slice-99777-ac-6",
        "file": "regression/observability/j-watch-slice-live-log.test.js"
      },
      {
        "tag": "slice-99777-ac-9",
        "file": "regression/observability/j-watch-slice-live-log.test.js"
      },
      {
        "tag": "slice-99808-ac-1",
        "file": "regression/direct-controls/j-direct-controls-regression-coverage.test.js"
      },
      {
        "tag": "slice-99808-ac-2",
        "file": "regression/direct-controls/j-direct-controls-regression-coverage.test.js"
      },
      {
        "tag": "slice-99808-ac-3",
        "file": "regression/direct-controls/j-direct-controls-regression-coverage.test.js"
      },
      {
        "tag": "slice-99808-ac-4",
        "file": "regression/direct-controls/j-direct-controls-regression-coverage.test.js"
      },
      {
        "tag": "slice-99809-ac-1",
        "file": "regression/direct-controls/j-direct-controls-regression-coverage.test.js"
      },
      {
        "tag": "slice-99809-ac-2",
        "file": "regression/direct-controls/j-direct-controls-regression-coverage.test.js"
      },
      {
        "tag": "slice-99810-ac-1",
        "file": "regression/direct-controls/j-direct-controls-regression-coverage.test.js"
      },
      {
        "tag": "slice-99810-ac-2",
        "file": "regression/direct-controls/j-direct-controls-regression-coverage.test.js"
      },
      {
        "tag": "slice-99811-ac-1",
        "file": "regression/direct-controls/j-direct-controls-regression-coverage.test.js"
      },
      {
        "tag": "slice-99811-ac-2",
        "file": "regression/direct-controls/j-direct-controls-regression-coverage.test.js"
      },
      {
        "tag": "slice-99812-ac-1",
        "file": "regression/direct-controls/j-direct-controls-regression-coverage.test.js"
      },
      {
        "tag": "slice-99812-ac-2",
        "file": "regression/direct-controls/j-direct-controls-regression-coverage.test.js"
      },
      {
        "tag": "slice-99831-ac-1",
        "file": "regression/gate-merge/j-check-test-updates.test.js"
      },
      {
        "tag": "slice-99831-ac-10",
        "file": "regression/gate-merge/j-check-test-updates.test.js"
      },
      {
        "tag": "slice-99831-ac-11",
        "file": "regression/gate-merge/j-check-test-updates.test.js"
      },
      {
        "tag": "slice-99831-ac-12",
        "file": "regression/gate-merge/j-check-test-updates.test.js"
      },
      {
        "tag": "slice-99831-ac-13",
        "file": "regression/gate-merge/j-check-test-updates.test.js"
      },
      {
        "tag": "slice-99831-ac-2",
        "file": "regression/gate-merge/j-check-test-updates.test.js"
      },
      {
        "tag": "slice-99831-ac-3",
        "file": "regression/gate-merge/j-check-test-updates.test.js"
      },
      {
        "tag": "slice-99831-ac-4",
        "file": "regression/gate-merge/j-check-test-updates.test.js"
      },
      {
        "tag": "slice-99831-ac-5",
        "file": "regression/gate-merge/j-check-test-updates.test.js"
      },
      {
        "tag": "slice-99831-ac-6",
        "file": "regression/gate-merge/j-check-test-updates.test.js"
      },
      {
        "tag": "slice-99831-ac-7",
        "file": "regression/gate-merge/j-check-test-updates.test.js"
      },
      {
        "tag": "slice-99831-ac-8",
        "file": "regression/gate-merge/j-check-test-updates.test.js"
      },
      {
        "tag": "slice-99831-ac-9",
        "file": "regression/gate-merge/j-check-test-updates.test.js"
      }
    ],
    "dashboard/merge-gate.html": [
      {
        "tag": "slice-99831-ac-1",
        "file": "regression/gate-merge/j-check-test-updates.test.js"
      },
      {
        "tag": "slice-99831-ac-10",
        "file": "regression/gate-merge/j-check-test-updates.test.js"
      },
      {
        "tag": "slice-99831-ac-11",
        "file": "regression/gate-merge/j-check-test-updates.test.js"
      },
      {
        "tag": "slice-99831-ac-12",
        "file": "regression/gate-merge/j-check-test-updates.test.js"
      },
      {
        "tag": "slice-99831-ac-13",
        "file": "regression/gate-merge/j-check-test-updates.test.js"
      },
      {
        "tag": "slice-99831-ac-2",
        "file": "regression/gate-merge/j-check-test-updates.test.js"
      },
      {
        "tag": "slice-99831-ac-3",
        "file": "regression/gate-merge/j-check-test-updates.test.js"
      },
      {
        "tag": "slice-99831-ac-4",
        "file": "regression/gate-merge/j-check-test-updates.test.js"
      },
      {
        "tag": "slice-99831-ac-5",
        "file": "regression/gate-merge/j-check-test-updates.test.js"
      },
      {
        "tag": "slice-99831-ac-6",
        "file": "regression/gate-merge/j-check-test-updates.test.js"
      },
      {
        "tag": "slice-99831-ac-7",
        "file": "regression/gate-merge/j-check-test-updates.test.js"
      },
      {
        "tag": "slice-99831-ac-8",
        "file": "regression/gate-merge/j-check-test-updates.test.js"
      },
      {
        "tag": "slice-99831-ac-9",
        "file": "regression/gate-merge/j-check-test-updates.test.js"
      }
    ],
    "dashboard/server.js": [
      {
        "tag": "slice-042-ac-1",
        "file": "regression/authoring-staging/j-stage-and-watch-slice-cli.test.js"
      },
      {
        "tag": "slice-042-ac-10",
        "file": "regression/authoring-staging/j-stage-and-watch-slice-cli.test.js"
      },
      {
        "tag": "slice-042-ac-11",
        "file": "regression/authoring-staging/j-stage-and-watch-slice-cli.test.js"
      },
      {
        "tag": "slice-042-ac-12",
        "file": "regression/authoring-staging/j-stage-and-watch-slice-cli.test.js"
      },
      {
        "tag": "slice-042-ac-13",
        "file": "regression/authoring-staging/j-stage-and-watch-slice-cli.test.js"
      },
      {
        "tag": "slice-042-ac-2",
        "file": "regression/authoring-staging/j-stage-and-watch-slice-cli.test.js"
      },
      {
        "tag": "slice-042-ac-3",
        "file": "regression/authoring-staging/j-stage-and-watch-slice-cli.test.js"
      },
      {
        "tag": "slice-042-ac-4",
        "file": "regression/authoring-staging/j-stage-and-watch-slice-cli.test.js"
      },
      {
        "tag": "slice-042-ac-5",
        "file": "regression/authoring-staging/j-stage-and-watch-slice-cli.test.js"
      },
      {
        "tag": "slice-042-ac-7",
        "file": "regression/authoring-staging/j-stage-and-watch-slice-cli.test.js"
      },
      {
        "tag": "slice-100-ac-3",
        "file": "regression/authoring-staging/j-queue-detail-controls-server.test.js"
      },
      {
        "tag": "slice-316-ac-1",
        "file": "regression/gate-merge/j-merge-button-pass.test.js"
      },
      {
        "tag": "slice-316-ac-10",
        "file": "regression/gate-merge/j-merge-button-pass.test.js"
      },
      {
        "tag": "slice-316-ac-11",
        "file": "regression/gate-merge/j-merge-button-pass.test.js"
      },
      {
        "tag": "slice-316-ac-12",
        "file": "regression/gate-merge/j-merge-button-pass.test.js"
      },
      {
        "tag": "slice-316-ac-2",
        "file": "regression/gate-merge/j-merge-button-pass.test.js"
      },
      {
        "tag": "slice-316-ac-3",
        "file": "regression/gate-merge/j-merge-button-pass.test.js"
      },
      {
        "tag": "slice-316-ac-4",
        "file": "regression/gate-merge/j-merge-button-pass.test.js"
      },
      {
        "tag": "slice-316-ac-5",
        "file": "regression/gate-merge/j-merge-button-pass.test.js"
      },
      {
        "tag": "slice-316-ac-6",
        "file": "regression/gate-merge/j-merge-button-pass.test.js"
      },
      {
        "tag": "slice-316-ac-7",
        "file": "regression/gate-merge/j-merge-button-pass.test.js"
      },
      {
        "tag": "slice-316-ac-8",
        "file": "regression/gate-merge/j-merge-button-pass.test.js"
      },
      {
        "tag": "slice-316-ac-9",
        "file": "regression/gate-merge/j-merge-button-pass.test.js"
      },
      {
        "tag": "slice-901-ac-1",
        "file": "regression/observability/j-inspect-slice-history.test.js"
      },
      {
        "tag": "slice-901-ac-2",
        "file": "regression/observability/j-inspect-slice-history.test.js"
      },
      {
        "tag": "slice-901-ac-8",
        "file": "regression/observability/j-inspect-slice-history.test.js"
      },
      {
        "tag": "slice-902-ac-4",
        "file": "regression/observability/j-inspect-slice-history.test.js"
      },
      {
        "tag": "slice-902-ac-5",
        "file": "regression/observability/j-inspect-slice-history.test.js"
      },
      {
        "tag": "slice-903-ac-8",
        "file": "regression/observability/j-inspect-slice-history.test.js"
      },
      {
        "tag": "slice-907-ac-6",
        "file": "regression/observability/j-inspect-slice-history.test.js"
      },
      {
        "tag": "slice-99111-ac-2",
        "file": "regression/authoring-staging/j-queue-detail-controls-server.test.js"
      },
      {
        "tag": "slice-99112-ac-3",
        "file": "regression/authoring-staging/j-queue-detail-controls-server.test.js"
      },
      {
        "tag": "slice-99113-ac-3",
        "file": "regression/authoring-staging/j-queue-detail-controls-server.test.js"
      },
      {
        "tag": "slice-99114-ac-4",
        "file": "regression/authoring-staging/j-queue-detail-controls-server.test.js"
      },
      {
        "tag": "slice-99115-ac-5",
        "file": "regression/authoring-staging/j-queue-detail-controls-server.test.js"
      },
      {
        "tag": "slice-99201-ac-1",
        "file": "regression/authoring-staging/j-approve-and-reorder-server.test.js"
      },
      {
        "tag": "slice-99201-ac-2",
        "file": "regression/authoring-staging/j-approve-and-reorder-server.test.js"
      },
      {
        "tag": "slice-99201-ac-6",
        "file": "regression/authoring-staging/j-approve-and-reorder-server.test.js"
      },
      {
        "tag": "slice-99202-ac-3",
        "file": "regression/authoring-staging/j-approve-and-reorder-server.test.js"
      },
      {
        "tag": "slice-99202-ac-4",
        "file": "regression/authoring-staging/j-approve-and-reorder-server.test.js"
      },
      {
        "tag": "slice-99202-ac-5",
        "file": "regression/authoring-staging/j-approve-and-reorder-server.test.js"
      },
      {
        "tag": "slice-99203-ac-7",
        "file": "regression/authoring-staging/j-approve-and-reorder-server.test.js"
      },
      {
        "tag": "slice-99777-ac-1",
        "file": "regression/observability/j-watch-slice-live-log.test.js"
      },
      {
        "tag": "slice-99777-ac-2",
        "file": "regression/observability/j-watch-slice-live-log.test.js"
      },
      {
        "tag": "slice-99777-ac-3",
        "file": "regression/observability/j-watch-slice-live-log.test.js"
      },
      {
        "tag": "slice-99777-ac-4",
        "file": "regression/observability/j-watch-slice-live-log.test.js"
      },
      {
        "tag": "slice-99777-ac-6",
        "file": "regression/observability/j-watch-slice-live-log.test.js"
      },
      {
        "tag": "slice-99777-ac-9",
        "file": "regression/observability/j-watch-slice-live-log.test.js"
      },
      {
        "tag": "slice-99800-ac-1",
        "file": "regression/direct-controls/j-direct-controls-ops-ui.test.js"
      },
      {
        "tag": "slice-99800-ac-2",
        "file": "regression/direct-controls/j-direct-controls-ops-ui.test.js"
      },
      {
        "tag": "slice-99800-ac-3",
        "file": "regression/direct-controls/j-direct-controls-ops-ui.test.js"
      },
      {
        "tag": "slice-99800-ac-4",
        "file": "regression/direct-controls/j-direct-controls-ops-ui.test.js"
      },
      {
        "tag": "slice-99801-ac-1",
        "file": "regression/direct-controls/j-direct-controls-ops-ui.test.js"
      },
      {
        "tag": "slice-99801-ac-2",
        "file": "regression/direct-controls/j-direct-controls-ops-ui.test.js"
      },
      {
        "tag": "slice-99801-ac-3",
        "file": "regression/direct-controls/j-direct-controls-ops-ui.test.js"
      },
      {
        "tag": "slice-99801-ac-4",
        "file": "regression/direct-controls/j-direct-controls-ops-ui.test.js"
      },
      {
        "tag": "slice-99802-ac-1",
        "file": "regression/direct-controls/j-direct-controls-ops-ui.test.js"
      },
      {
        "tag": "slice-99803-ac-1",
        "file": "regression/direct-controls/j-direct-controls-ops-ui.test.js"
      },
      {
        "tag": "slice-99804-ac-1",
        "file": "regression/direct-controls/j-direct-controls-ops-ui.test.js"
      },
      {
        "tag": "slice-99805-ac-1",
        "file": "regression/direct-controls/j-direct-controls-ops-ui.test.js"
      },
      {
        "tag": "slice-99806-ac-1",
        "file": "regression/direct-controls/j-direct-controls-ops-ui.test.js"
      },
      {
        "tag": "slice-99807-ac-1",
        "file": "regression/direct-controls/j-direct-controls-ops-ui.test.js"
      },
      {
        "tag": "slice-99808-ac-1",
        "file": "regression/direct-controls/j-direct-controls-regression-coverage.test.js"
      },
      {
        "tag": "slice-99808-ac-2",
        "file": "regression/direct-controls/j-direct-controls-regression-coverage.test.js"
      },
      {
        "tag": "slice-99808-ac-3",
        "file": "regression/direct-controls/j-direct-controls-regression-coverage.test.js"
      },
      {
        "tag": "slice-99808-ac-4",
        "file": "regression/direct-controls/j-direct-controls-regression-coverage.test.js"
      },
      {
        "tag": "slice-99809-ac-1",
        "file": "regression/direct-controls/j-direct-controls-regression-coverage.test.js"
      },
      {
        "tag": "slice-99809-ac-2",
        "file": "regression/direct-controls/j-direct-controls-regression-coverage.test.js"
      },
      {
        "tag": "slice-99810-ac-1",
        "file": "regression/direct-controls/j-direct-controls-regression-coverage.test.js"
      },
      {
        "tag": "slice-99810-ac-2",
        "file": "regression/direct-controls/j-direct-controls-regression-coverage.test.js"
      },
      {
        "tag": "slice-99811-ac-1",
        "file": "regression/direct-controls/j-direct-controls-regression-coverage.test.js"
      },
      {
        "tag": "slice-99811-ac-2",
        "file": "regression/direct-controls/j-direct-controls-regression-coverage.test.js"
      },
      {
        "tag": "slice-99812-ac-1",
        "file": "regression/direct-controls/j-direct-controls-regression-coverage.test.js"
      },
      {
        "tag": "slice-99812-ac-2",
        "file": "regression/direct-controls/j-direct-controls-regression-coverage.test.js"
      }
    ],
    "dashboard/test-drift.html": [
      {
        "tag": "slice-99830-ac-1",
        "file": "regression/gate-merge/j-test-drift.test.js"
      },
      {
        "tag": "slice-99830-ac-10",
        "file": "regression/gate-merge/j-test-drift.test.js"
      },
      {
        "tag": "slice-99830-ac-11",
        "file": "regression/gate-merge/j-test-drift.test.js"
      },
      {
        "tag": "slice-99830-ac-2",
        "file": "regression/gate-merge/j-test-drift.test.js"
      },
      {
        "tag": "slice-99830-ac-3",
        "file": "regression/gate-merge/j-test-drift.test.js"
      },
      {
        "tag": "slice-99830-ac-4",
        "file": "regression/gate-merge/j-test-drift.test.js"
      },
      {
        "tag": "slice-99830-ac-5",
        "file": "regression/gate-merge/j-test-drift.test.js"
      },
      {
        "tag": "slice-99830-ac-6",
        "file": "regression/gate-merge/j-test-drift.test.js"
      },
      {
        "tag": "slice-99830-ac-7",
        "file": "regression/gate-merge/j-test-drift.test.js"
      },
      {
        "tag": "slice-99830-ac-8",
        "file": "regression/gate-merge/j-test-drift.test.js"
      },
      {
        "tag": "slice-99830-ac-9",
        "file": "regression/gate-merge/j-test-drift.test.js"
      }
    ],
    "lib/ac-block.js": [
      {
        "tag": "slice-99824-ac-1",
        "file": "regression/authoring-staging/j-ac-block-validation.test.js"
      },
      {
        "tag": "slice-99824-ac-2",
        "file": "regression/authoring-staging/j-ac-block-validation.test.js"
      },
      {
        "tag": "slice-99824-ac-3",
        "file": "regression/authoring-staging/j-ac-block-validation.test.js"
      },
      {
        "tag": "slice-99824-ac-4",
        "file": "regression/authoring-staging/j-ac-block-validation.test.js"
      },
      {
        "tag": "slice-99824-ac-5",
        "file": "regression/authoring-staging/j-ac-block-validation.test.js"
      },
      {
        "tag": "slice-99824-ac-6",
        "file": "regression/authoring-staging/j-ac-block-validation.test.js"
      },
      {
        "tag": "slice-99824-ac-7",
        "file": "regression/authoring-staging/j-ac-block-validation.test.js"
      },
      {
        "tag": "slice-99824-ac-8",
        "file": "regression/authoring-staging/j-ac-block-validation.test.js"
      }
    ],
    "lib/ac-reconcile.js": [
      {
        "tag": "slice-99827-ac-1",
        "file": "regression/gate-merge/j-ac-reconcile-classifier.test.js"
      },
      {
        "tag": "slice-99827-ac-2",
        "file": "regression/gate-merge/j-ac-reconcile-classifier.test.js"
      },
      {
        "tag": "slice-99827-ac-3",
        "file": "regression/gate-merge/j-ac-reconcile-classifier.test.js"
      },
      {
        "tag": "slice-99827-ac-4",
        "file": "regression/gate-merge/j-ac-reconcile-classifier.test.js"
      },
      {
        "tag": "slice-99827-ac-5",
        "file": "regression/gate-merge/j-ac-reconcile-classifier.test.js"
      },
      {
        "tag": "slice-99827-ac-6",
        "file": "regression/gate-merge/j-ac-reconcile-classifier.test.js"
      },
      {
        "tag": "slice-99827-ac-7",
        "file": "regression/gate-merge/j-ac-reconcile-classifier.test.js"
      },
      {
        "tag": "slice-99827-ac-8",
        "file": "regression/gate-merge/j-ac-reconcile-classifier.test.js"
      },
      {
        "tag": "slice-99830-ac-1",
        "file": "regression/gate-merge/j-ac-drain-feed.test.js"
      },
      {
        "tag": "slice-99830-ac-2",
        "file": "regression/gate-merge/j-ac-drain-feed.test.js"
      },
      {
        "tag": "slice-99830-ac-3",
        "file": "regression/gate-merge/j-ac-drain-feed.test.js"
      },
      {
        "tag": "slice-99830-ac-4",
        "file": "regression/gate-merge/j-ac-drain-feed.test.js"
      },
      {
        "tag": "slice-99830-ac-5",
        "file": "regression/gate-merge/j-ac-drain-feed.test.js"
      },
      {
        "tag": "slice-99830-ac-6",
        "file": "regression/gate-merge/j-ac-drain-feed.test.js"
      },
      {
        "tag": "slice-99830-ac-7",
        "file": "regression/gate-merge/j-ac-drain-feed.test.js"
      }
    ],
    "lib/assert-direction.js": [
      {
        "tag": "slice-99808-ac-1",
        "file": "regression/direct-controls/j-direct-controls-regression-coverage.test.js"
      },
      {
        "tag": "slice-99808-ac-2",
        "file": "regression/direct-controls/j-direct-controls-regression-coverage.test.js"
      },
      {
        "tag": "slice-99808-ac-3",
        "file": "regression/direct-controls/j-direct-controls-regression-coverage.test.js"
      },
      {
        "tag": "slice-99808-ac-4",
        "file": "regression/direct-controls/j-direct-controls-regression-coverage.test.js"
      },
      {
        "tag": "slice-99809-ac-1",
        "file": "regression/direct-controls/j-direct-controls-regression-coverage.test.js"
      },
      {
        "tag": "slice-99809-ac-2",
        "file": "regression/direct-controls/j-direct-controls-regression-coverage.test.js"
      },
      {
        "tag": "slice-99810-ac-1",
        "file": "regression/direct-controls/j-direct-controls-regression-coverage.test.js"
      },
      {
        "tag": "slice-99810-ac-2",
        "file": "regression/direct-controls/j-direct-controls-regression-coverage.test.js"
      },
      {
        "tag": "slice-99811-ac-1",
        "file": "regression/direct-controls/j-direct-controls-regression-coverage.test.js"
      },
      {
        "tag": "slice-99811-ac-2",
        "file": "regression/direct-controls/j-direct-controls-regression-coverage.test.js"
      },
      {
        "tag": "slice-99812-ac-1",
        "file": "regression/direct-controls/j-direct-controls-regression-coverage.test.js"
      },
      {
        "tag": "slice-99812-ac-2",
        "file": "regression/direct-controls/j-direct-controls-regression-coverage.test.js"
      },
      {
        "tag": "slice-99823-ac-1",
        "file": "regression/gate-merge/j-tests-needed-self-lock.test.js"
      },
      {
        "tag": "slice-99823-ac-2",
        "file": "regression/gate-merge/j-tests-needed-self-lock.test.js"
      },
      {
        "tag": "slice-99823-ac-3",
        "file": "regression/gate-merge/j-tests-needed-self-lock.test.js"
      },
      {
        "tag": "slice-99823-ac-4",
        "file": "regression/gate-merge/j-tests-needed-self-lock.test.js"
      },
      {
        "tag": "slice-99823-ac-5",
        "file": "regression/gate-merge/j-tests-needed-self-lock.test.js"
      },
      {
        "tag": "slice-99823-ac-6",
        "file": "regression/gate-merge/j-tests-needed-self-lock.test.js"
      }
    ],
    "lib/check-test-updates.js": [
      {
        "tag": "slice-99831-ac-1",
        "file": "regression/gate-merge/j-check-test-updates.test.js"
      },
      {
        "tag": "slice-99831-ac-10",
        "file": "regression/gate-merge/j-check-test-updates.test.js"
      },
      {
        "tag": "slice-99831-ac-11",
        "file": "regression/gate-merge/j-check-test-updates.test.js"
      },
      {
        "tag": "slice-99831-ac-12",
        "file": "regression/gate-merge/j-check-test-updates.test.js"
      },
      {
        "tag": "slice-99831-ac-13",
        "file": "regression/gate-merge/j-check-test-updates.test.js"
      },
      {
        "tag": "slice-99831-ac-2",
        "file": "regression/gate-merge/j-check-test-updates.test.js"
      },
      {
        "tag": "slice-99831-ac-3",
        "file": "regression/gate-merge/j-check-test-updates.test.js"
      },
      {
        "tag": "slice-99831-ac-4",
        "file": "regression/gate-merge/j-check-test-updates.test.js"
      },
      {
        "tag": "slice-99831-ac-5",
        "file": "regression/gate-merge/j-check-test-updates.test.js"
      },
      {
        "tag": "slice-99831-ac-6",
        "file": "regression/gate-merge/j-check-test-updates.test.js"
      },
      {
        "tag": "slice-99831-ac-7",
        "file": "regression/gate-merge/j-check-test-updates.test.js"
      },
      {
        "tag": "slice-99831-ac-8",
        "file": "regression/gate-merge/j-check-test-updates.test.js"
      },
      {
        "tag": "slice-99831-ac-9",
        "file": "regression/gate-merge/j-check-test-updates.test.js"
      }
    ],
    "lib/test-drift.js": [
      {
        "tag": "slice-99830-ac-1",
        "file": "regression/gate-merge/j-test-drift.test.js"
      },
      {
        "tag": "slice-99830-ac-10",
        "file": "regression/gate-merge/j-test-drift.test.js"
      },
      {
        "tag": "slice-99830-ac-11",
        "file": "regression/gate-merge/j-test-drift.test.js"
      },
      {
        "tag": "slice-99830-ac-2",
        "file": "regression/gate-merge/j-test-drift.test.js"
      },
      {
        "tag": "slice-99830-ac-3",
        "file": "regression/gate-merge/j-test-drift.test.js"
      },
      {
        "tag": "slice-99830-ac-4",
        "file": "regression/gate-merge/j-test-drift.test.js"
      },
      {
        "tag": "slice-99830-ac-5",
        "file": "regression/gate-merge/j-test-drift.test.js"
      },
      {
        "tag": "slice-99830-ac-6",
        "file": "regression/gate-merge/j-test-drift.test.js"
      },
      {
        "tag": "slice-99830-ac-7",
        "file": "regression/gate-merge/j-test-drift.test.js"
      },
      {
        "tag": "slice-99830-ac-8",
        "file": "regression/gate-merge/j-test-drift.test.js"
      },
      {
        "tag": "slice-99830-ac-9",
        "file": "regression/gate-merge/j-test-drift.test.js"
      }
    ],
    "lib/tests-needed.js": [
      {
        "tag": "slice-99822-ac-1",
        "file": "regression/gate-merge/j-coverage-map-integrity.test.js"
      },
      {
        "tag": "slice-99822-ac-2",
        "file": "regression/gate-merge/j-coverage-map-integrity.test.js"
      },
      {
        "tag": "slice-99822-ac-3",
        "file": "regression/gate-merge/j-coverage-map-integrity.test.js"
      },
      {
        "tag": "slice-99822-ac-4",
        "file": "regression/gate-merge/j-coverage-map-integrity.test.js"
      },
      {
        "tag": "slice-99822-ac-5",
        "file": "regression/gate-merge/j-coverage-map-integrity.test.js"
      },
      {
        "tag": "slice-99822-ac-6",
        "file": "regression/gate-merge/j-coverage-map-integrity.test.js"
      },
      {
        "tag": "slice-99822-ac-7",
        "file": "regression/gate-merge/j-coverage-map-integrity.test.js"
      },
      {
        "tag": "slice-99822-ac-8",
        "file": "regression/gate-merge/j-coverage-map-integrity.test.js"
      },
      {
        "tag": "slice-99822-ac-9",
        "file": "regression/gate-merge/j-coverage-map-integrity.test.js"
      },
      {
        "tag": "slice-99823-ac-1",
        "file": "regression/gate-merge/j-tests-needed-self-lock.test.js"
      },
      {
        "tag": "slice-99823-ac-2",
        "file": "regression/gate-merge/j-tests-needed-self-lock.test.js"
      },
      {
        "tag": "slice-99823-ac-3",
        "file": "regression/gate-merge/j-tests-needed-self-lock.test.js"
      },
      {
        "tag": "slice-99823-ac-4",
        "file": "regression/gate-merge/j-tests-needed-self-lock.test.js"
      },
      {
        "tag": "slice-99823-ac-5",
        "file": "regression/gate-merge/j-tests-needed-self-lock.test.js"
      },
      {
        "tag": "slice-99823-ac-6",
        "file": "regression/gate-merge/j-tests-needed-self-lock.test.js"
      },
      {
        "tag": "slice-99829-ac-1",
        "file": "regression/gate-merge/j-ac-gate-wire.test.js"
      },
      {
        "tag": "slice-99829-ac-10",
        "file": "regression/gate-merge/j-ac-gate-wire.test.js"
      },
      {
        "tag": "slice-99829-ac-2",
        "file": "regression/gate-merge/j-ac-gate-wire.test.js"
      },
      {
        "tag": "slice-99829-ac-3",
        "file": "regression/gate-merge/j-ac-gate-wire.test.js"
      },
      {
        "tag": "slice-99829-ac-4",
        "file": "regression/gate-merge/j-ac-gate-wire.test.js"
      },
      {
        "tag": "slice-99829-ac-5",
        "file": "regression/gate-merge/j-ac-gate-wire.test.js"
      },
      {
        "tag": "slice-99829-ac-6",
        "file": "regression/gate-merge/j-ac-gate-wire.test.js"
      },
      {
        "tag": "slice-99829-ac-7",
        "file": "regression/gate-merge/j-ac-gate-wire.test.js"
      },
      {
        "tag": "slice-99829-ac-8",
        "file": "regression/gate-merge/j-ac-gate-wire.test.js"
      },
      {
        "tag": "slice-99829-ac-9",
        "file": "regression/gate-merge/j-ac-gate-wire.test.js"
      }
    ],
    "regression/AC-MANIFEST.lock": [
      {
        "tag": "slice-99826-ac-1",
        "file": "regression/gate-merge/j-ac-manifest-integrity.test.js"
      },
      {
        "tag": "slice-99826-ac-2",
        "file": "regression/gate-merge/j-ac-manifest-integrity.test.js"
      },
      {
        "tag": "slice-99826-ac-3",
        "file": "regression/gate-merge/j-ac-manifest-integrity.test.js"
      },
      {
        "tag": "slice-99826-ac-4",
        "file": "regression/gate-merge/j-ac-manifest-integrity.test.js"
      },
      {
        "tag": "slice-99826-ac-5",
        "file": "regression/gate-merge/j-ac-manifest-integrity.test.js"
      },
      {
        "tag": "slice-99827-ac-1",
        "file": "regression/gate-merge/j-ac-reconcile-classifier.test.js"
      },
      {
        "tag": "slice-99827-ac-2",
        "file": "regression/gate-merge/j-ac-reconcile-classifier.test.js"
      },
      {
        "tag": "slice-99827-ac-3",
        "file": "regression/gate-merge/j-ac-reconcile-classifier.test.js"
      },
      {
        "tag": "slice-99827-ac-4",
        "file": "regression/gate-merge/j-ac-reconcile-classifier.test.js"
      },
      {
        "tag": "slice-99827-ac-5",
        "file": "regression/gate-merge/j-ac-reconcile-classifier.test.js"
      },
      {
        "tag": "slice-99827-ac-6",
        "file": "regression/gate-merge/j-ac-reconcile-classifier.test.js"
      },
      {
        "tag": "slice-99827-ac-7",
        "file": "regression/gate-merge/j-ac-reconcile-classifier.test.js"
      },
      {
        "tag": "slice-99827-ac-8",
        "file": "regression/gate-merge/j-ac-reconcile-classifier.test.js"
      }
    ],
    "regression/COVERAGE.lock": [
      {
        "tag": "slice-99822-ac-1",
        "file": "regression/gate-merge/j-coverage-map-integrity.test.js"
      },
      {
        "tag": "slice-99822-ac-2",
        "file": "regression/gate-merge/j-coverage-map-integrity.test.js"
      },
      {
        "tag": "slice-99822-ac-3",
        "file": "regression/gate-merge/j-coverage-map-integrity.test.js"
      },
      {
        "tag": "slice-99822-ac-4",
        "file": "regression/gate-merge/j-coverage-map-integrity.test.js"
      },
      {
        "tag": "slice-99822-ac-5",
        "file": "regression/gate-merge/j-coverage-map-integrity.test.js"
      },
      {
        "tag": "slice-99822-ac-6",
        "file": "regression/gate-merge/j-coverage-map-integrity.test.js"
      },
      {
        "tag": "slice-99822-ac-7",
        "file": "regression/gate-merge/j-coverage-map-integrity.test.js"
      },
      {
        "tag": "slice-99822-ac-8",
        "file": "regression/gate-merge/j-coverage-map-integrity.test.js"
      },
      {
        "tag": "slice-99822-ac-9",
        "file": "regression/gate-merge/j-coverage-map-integrity.test.js"
      },
      {
        "tag": "slice-99827-ac-1",
        "file": "regression/gate-merge/j-ac-reconcile-classifier.test.js"
      },
      {
        "tag": "slice-99827-ac-2",
        "file": "regression/gate-merge/j-ac-reconcile-classifier.test.js"
      },
      {
        "tag": "slice-99827-ac-3",
        "file": "regression/gate-merge/j-ac-reconcile-classifier.test.js"
      },
      {
        "tag": "slice-99827-ac-4",
        "file": "regression/gate-merge/j-ac-reconcile-classifier.test.js"
      },
      {
        "tag": "slice-99827-ac-5",
        "file": "regression/gate-merge/j-ac-reconcile-classifier.test.js"
      },
      {
        "tag": "slice-99827-ac-6",
        "file": "regression/gate-merge/j-ac-reconcile-classifier.test.js"
      },
      {
        "tag": "slice-99827-ac-7",
        "file": "regression/gate-merge/j-ac-reconcile-classifier.test.js"
      },
      {
        "tag": "slice-99827-ac-8",
        "file": "regression/gate-merge/j-ac-reconcile-classifier.test.js"
      }
    ],
    "scripts/ac-reconcile.js": [
      {
        "tag": "slice-99827-ac-1",
        "file": "regression/gate-merge/j-ac-reconcile-classifier.test.js"
      },
      {
        "tag": "slice-99827-ac-2",
        "file": "regression/gate-merge/j-ac-reconcile-classifier.test.js"
      },
      {
        "tag": "slice-99827-ac-3",
        "file": "regression/gate-merge/j-ac-reconcile-classifier.test.js"
      },
      {
        "tag": "slice-99827-ac-4",
        "file": "regression/gate-merge/j-ac-reconcile-classifier.test.js"
      },
      {
        "tag": "slice-99827-ac-5",
        "file": "regression/gate-merge/j-ac-reconcile-classifier.test.js"
      },
      {
        "tag": "slice-99827-ac-6",
        "file": "regression/gate-merge/j-ac-reconcile-classifier.test.js"
      },
      {
        "tag": "slice-99827-ac-7",
        "file": "regression/gate-merge/j-ac-reconcile-classifier.test.js"
      },
      {
        "tag": "slice-99827-ac-8",
        "file": "regression/gate-merge/j-ac-reconcile-classifier.test.js"
      }
    ],
    "scripts/build-ac-manifest.js": [
      {
        "tag": "slice-99826-ac-1",
        "file": "regression/gate-merge/j-ac-manifest-integrity.test.js"
      },
      {
        "tag": "slice-99826-ac-2",
        "file": "regression/gate-merge/j-ac-manifest-integrity.test.js"
      },
      {
        "tag": "slice-99826-ac-3",
        "file": "regression/gate-merge/j-ac-manifest-integrity.test.js"
      },
      {
        "tag": "slice-99826-ac-4",
        "file": "regression/gate-merge/j-ac-manifest-integrity.test.js"
      },
      {
        "tag": "slice-99826-ac-5",
        "file": "regression/gate-merge/j-ac-manifest-integrity.test.js"
      }
    ],
    "scripts/build-coverage-map.js": [
      {
        "tag": "slice-99822-ac-1",
        "file": "regression/gate-merge/j-coverage-map-integrity.test.js"
      },
      {
        "tag": "slice-99822-ac-2",
        "file": "regression/gate-merge/j-coverage-map-integrity.test.js"
      },
      {
        "tag": "slice-99822-ac-3",
        "file": "regression/gate-merge/j-coverage-map-integrity.test.js"
      },
      {
        "tag": "slice-99822-ac-4",
        "file": "regression/gate-merge/j-coverage-map-integrity.test.js"
      },
      {
        "tag": "slice-99822-ac-5",
        "file": "regression/gate-merge/j-coverage-map-integrity.test.js"
      },
      {
        "tag": "slice-99822-ac-6",
        "file": "regression/gate-merge/j-coverage-map-integrity.test.js"
      },
      {
        "tag": "slice-99822-ac-7",
        "file": "regression/gate-merge/j-coverage-map-integrity.test.js"
      },
      {
        "tag": "slice-99822-ac-8",
        "file": "regression/gate-merge/j-coverage-map-integrity.test.js"
      },
      {
        "tag": "slice-99822-ac-9",
        "file": "regression/gate-merge/j-coverage-map-integrity.test.js"
      },
      {
        "tag": "slice-99825-ac-1",
        "file": "regression/gate-merge/j-ac-hash-extraction.test.js"
      },
      {
        "tag": "slice-99825-ac-2",
        "file": "regression/gate-merge/j-ac-hash-extraction.test.js"
      },
      {
        "tag": "slice-99825-ac-3",
        "file": "regression/gate-merge/j-ac-hash-extraction.test.js"
      },
      {
        "tag": "slice-99825-ac-4",
        "file": "regression/gate-merge/j-ac-hash-extraction.test.js"
      },
      {
        "tag": "slice-99825-ac-5",
        "file": "regression/gate-merge/j-ac-hash-extraction.test.js"
      },
      {
        "tag": "slice-99825-ac-90",
        "file": "regression/gate-merge/j-ac-hash-extraction.test.js"
      },
      {
        "tag": "slice-99825-ac-92",
        "file": "regression/gate-merge/j-ac-hash-extraction.test.js"
      }
    ],
    "scripts/check-test-updates.js": [
      {
        "tag": "slice-99831-ac-1",
        "file": "regression/gate-merge/j-check-test-updates.test.js"
      },
      {
        "tag": "slice-99831-ac-10",
        "file": "regression/gate-merge/j-check-test-updates.test.js"
      },
      {
        "tag": "slice-99831-ac-11",
        "file": "regression/gate-merge/j-check-test-updates.test.js"
      },
      {
        "tag": "slice-99831-ac-12",
        "file": "regression/gate-merge/j-check-test-updates.test.js"
      },
      {
        "tag": "slice-99831-ac-13",
        "file": "regression/gate-merge/j-check-test-updates.test.js"
      },
      {
        "tag": "slice-99831-ac-2",
        "file": "regression/gate-merge/j-check-test-updates.test.js"
      },
      {
        "tag": "slice-99831-ac-3",
        "file": "regression/gate-merge/j-check-test-updates.test.js"
      },
      {
        "tag": "slice-99831-ac-4",
        "file": "regression/gate-merge/j-check-test-updates.test.js"
      },
      {
        "tag": "slice-99831-ac-5",
        "file": "regression/gate-merge/j-check-test-updates.test.js"
      },
      {
        "tag": "slice-99831-ac-6",
        "file": "regression/gate-merge/j-check-test-updates.test.js"
      },
      {
        "tag": "slice-99831-ac-7",
        "file": "regression/gate-merge/j-check-test-updates.test.js"
      },
      {
        "tag": "slice-99831-ac-8",
        "file": "regression/gate-merge/j-check-test-updates.test.js"
      },
      {
        "tag": "slice-99831-ac-9",
        "file": "regression/gate-merge/j-check-test-updates.test.js"
      }
    ],
    "scripts/make-reconcile-bundle.js": [
      {
        "tag": "slice-99828-ac-1",
        "file": "regression/gate-merge/j-reconcile-bundle-blindness.test.js"
      },
      {
        "tag": "slice-99828-ac-2",
        "file": "regression/gate-merge/j-reconcile-bundle-blindness.test.js"
      },
      {
        "tag": "slice-99828-ac-3",
        "file": "regression/gate-merge/j-reconcile-bundle-blindness.test.js"
      },
      {
        "tag": "slice-99828-ac-4",
        "file": "regression/gate-merge/j-reconcile-bundle-blindness.test.js"
      },
      {
        "tag": "slice-99828-ac-5",
        "file": "regression/gate-merge/j-reconcile-bundle-blindness.test.js"
      }
    ],
    "scripts/test-drift.js": [
      {
        "tag": "slice-99830-ac-1",
        "file": "regression/gate-merge/j-test-drift.test.js"
      },
      {
        "tag": "slice-99830-ac-10",
        "file": "regression/gate-merge/j-test-drift.test.js"
      },
      {
        "tag": "slice-99830-ac-11",
        "file": "regression/gate-merge/j-test-drift.test.js"
      },
      {
        "tag": "slice-99830-ac-2",
        "file": "regression/gate-merge/j-test-drift.test.js"
      },
      {
        "tag": "slice-99830-ac-3",
        "file": "regression/gate-merge/j-test-drift.test.js"
      },
      {
        "tag": "slice-99830-ac-4",
        "file": "regression/gate-merge/j-test-drift.test.js"
      },
      {
        "tag": "slice-99830-ac-5",
        "file": "regression/gate-merge/j-test-drift.test.js"
      },
      {
        "tag": "slice-99830-ac-6",
        "file": "regression/gate-merge/j-test-drift.test.js"
      },
      {
        "tag": "slice-99830-ac-7",
        "file": "regression/gate-merge/j-test-drift.test.js"
      },
      {
        "tag": "slice-99830-ac-8",
        "file": "regression/gate-merge/j-test-drift.test.js"
      },
      {
        "tag": "slice-99830-ac-9",
        "file": "regression/gate-merge/j-test-drift.test.js"
      }
    ],
    "scripts/tests-needed.js": [
      {
        "tag": "slice-99822-ac-1",
        "file": "regression/gate-merge/j-coverage-map-integrity.test.js"
      },
      {
        "tag": "slice-99822-ac-2",
        "file": "regression/gate-merge/j-coverage-map-integrity.test.js"
      },
      {
        "tag": "slice-99822-ac-3",
        "file": "regression/gate-merge/j-coverage-map-integrity.test.js"
      },
      {
        "tag": "slice-99822-ac-4",
        "file": "regression/gate-merge/j-coverage-map-integrity.test.js"
      },
      {
        "tag": "slice-99822-ac-5",
        "file": "regression/gate-merge/j-coverage-map-integrity.test.js"
      },
      {
        "tag": "slice-99822-ac-6",
        "file": "regression/gate-merge/j-coverage-map-integrity.test.js"
      },
      {
        "tag": "slice-99822-ac-7",
        "file": "regression/gate-merge/j-coverage-map-integrity.test.js"
      },
      {
        "tag": "slice-99822-ac-8",
        "file": "regression/gate-merge/j-coverage-map-integrity.test.js"
      },
      {
        "tag": "slice-99822-ac-9",
        "file": "regression/gate-merge/j-coverage-map-integrity.test.js"
      },
      {
        "tag": "slice-99829-ac-1",
        "file": "regression/gate-merge/j-ac-gate-wire.test.js"
      },
      {
        "tag": "slice-99829-ac-10",
        "file": "regression/gate-merge/j-ac-gate-wire.test.js"
      },
      {
        "tag": "slice-99829-ac-2",
        "file": "regression/gate-merge/j-ac-gate-wire.test.js"
      },
      {
        "tag": "slice-99829-ac-3",
        "file": "regression/gate-merge/j-ac-gate-wire.test.js"
      },
      {
        "tag": "slice-99829-ac-4",
        "file": "regression/gate-merge/j-ac-gate-wire.test.js"
      },
      {
        "tag": "slice-99829-ac-5",
        "file": "regression/gate-merge/j-ac-gate-wire.test.js"
      },
      {
        "tag": "slice-99829-ac-6",
        "file": "regression/gate-merge/j-ac-gate-wire.test.js"
      },
      {
        "tag": "slice-99829-ac-7",
        "file": "regression/gate-merge/j-ac-gate-wire.test.js"
      },
      {
        "tag": "slice-99829-ac-8",
        "file": "regression/gate-merge/j-ac-gate-wire.test.js"
      },
      {
        "tag": "slice-99829-ac-9",
        "file": "regression/gate-merge/j-ac-gate-wire.test.js"
      }
    ]
  }
}
